
Microsoft Visual Studio Solution File, Format Version 12.00
# Visual Studio 2013
VisualStudioVersion = 12.0.31101.0
MinimumVisualStudioVersion = 10.0.40219.1
Project("{FAE04EC0-301F-11D3-BF4B-00C04F79EFBC}") = "AncientHorror", "AncientHorror\AncientHorror.csproj", "{990939D5-A4CC-43A4-91E0-E6789A1F4F9F}"
EndProject
Project("{FAE04EC0-301F-11D3-BF4B-00C04F79EFBC}") = "AncientHorrorClient", "AncientHorrorClient\AncientHorrorClient.csproj", "{ECA787B0-BEC7-41DD-ABFD-C009E07D8849}"
EndProject
Project("{FAE04EC0-301F-11D3-BF4B-00C04F79EFBC}") = "AncientHorrorShared", "AncientHorrorShared\AncientHorrorShared.csproj", "{0DB02C1A-CD42-445E-A03E-4D9CB3735480}"
EndProject
Project("{FAE04EC0-301F-11D3-BF4B-00C04F79EFBC}") = "WEAncientHorror", "WEAncientHorror\WEAncientHorror\WEAncientHorror.csproj", "{C3A2E831-0A38-44A4-8BEF-1A53735BC9D2}"
EndProject
Project("{FAE04EC0-301F-11D3-BF4B-00C04F79EFBC}") = "WEAncientHorrorProject", "WEAncientHorror\WEAncientHorrorProject\WEAncientHorrorProject.csproj", "{EC414F9A-58C0-43A1-9FF6-E29E7C34A576}"
EndProject
Global
	GlobalSection(SolutionConfigurationPlatforms) = preSolution
		Debug|Any CPU = Debug|Any CPU
		Debug|Mixed Platforms = Debug|Mixed Platforms
		Debug|x86 = Debug|x86
		Release|Any CPU = Release|Any CPU
		Release|Mixed Platforms = Release|Mixed Platforms
		Release|x86 = Release|x86
	EndGlobalSection
	GlobalSection(ProjectConfigurationPlatforms) = postSolution
		{990939D5-A4CC-43A4-91E0-E6789A1F4F9F}.Debug|Any CPU.ActiveCfg = Debug|Any CPU
		{990939D5-A4CC-43A4-91E0-E6789A1F4F9F}.Debug|Any CPU.Build.0 = Debug|Any CPU
		{990939D5-A4CC-43A4-91E0-E6789A1F4F9F}.Debug|Mixed Platforms.ActiveCfg = Debug|Any CPU
		{990939D5-A4CC-43A4-91E0-E6789A1F4F9F}.Debug|Mixed Platforms.Build.0 = Debug|Any CPU
		{990939D5-A4CC-43A4-91E0-E6789A1F4F9F}.Debug|x86.ActiveCfg = Debug|Any CPU
		{990939D5-A4CC-43A4-91E0-E6789A1F4F9F}.Release|Any CPU.ActiveCfg = Release|Any CPU
		{990939D5-A4CC-43A4-91E0-E6789A1F4F9F}.Release|Any CPU.Build.0 = Release|Any CPU
		{990939D5-A4CC-43A4-91E0-E6789A1F4F9F}.Release|Mixed Platforms.ActiveCfg = Release|Any CPU
		{990939D5-A4CC-43A4-91E0-E6789A1F4F9F}.Release|Mixed Platforms.Build.0 = Release|Any CPU
		{990939D5-A4CC-43A4-91E0-E6789A1F4F9F}.Release|x86.ActiveCfg = Release|Any CPU
		{ECA787B0-BEC7-41DD-ABFD-C009E07D8849}.Debug|Any CPU.ActiveCfg = Debug|Any CPU
		{ECA787B0-BEC7-41DD-ABFD-C009E07D8849}.Debug|Any CPU.Build.0 = Debug|Any CPU
		{ECA787B0-BEC7-41DD-ABFD-C009E07D8849}.Debug|Mixed Platforms.ActiveCfg = Debug|Any CPU
		{ECA787B0-BEC7-41DD-ABFD-C009E07D8849}.Debug|Mixed Platforms.Build.0 = Debug|Any CPU
		{ECA787B0-BEC7-41DD-ABFD-C009E07D8849}.Debug|x86.ActiveCfg = Debug|Any CPU
		{ECA787B0-BEC7-41DD-ABFD-C009E07D8849}.Release|Any CPU.ActiveCfg = Release|Any CPU
		{ECA787B0-BEC7-41DD-ABFD-C009E07D8849}.Release|Any CPU.Build.0 = Release|Any CPU
		{ECA787B0-BEC7-41DD-ABFD-C009E07D8849}.Release|Mixed Platforms.ActiveCfg = Release|Any CPU
		{ECA787B0-BEC7-41DD-ABFD-C009E07D8849}.Release|Mixed Platforms.Build.0 = Release|Any CPU
		{ECA787B0-BEC7-41DD-ABFD-C009E07D8849}.Release|x86.ActiveCfg = Release|Any CPU
		{0DB02C1A-CD42-445E-A03E-4D9CB3735480}.Debug|Any CPU.ActiveCfg = Debug|Any CPU
		{0DB02C1A-CD42-445E-A03E-4D9CB3735480}.Debug|Any CPU.Build.0 = Debug|Any CPU
		{0DB02C1A-CD42-445E-A03E-4D9CB3735480}.Debug|Mixed Platforms.ActiveCfg = Debug|Any CPU
		{0DB02C1A-CD42-445E-A03E-4D9CB3735480}.Debug|Mixed Platforms.Build.0 = Debug|Any CPU
		{0DB02C1A-CD42-445E-A03E-4D9CB3735480}.Debug|x86.ActiveCfg = Debug|Any CPU
		{0DB02C1A-CD42-445E-A03E-4D9CB3735480}.Release|Any CPU.ActiveCfg = Release|Any CPU
		{0DB02C1A-CD42-445E-A03E-4D9CB3735480}.Release|Any CPU.Build.0 = Release|Any CPU
		{0DB02C1A-CD42-445E-A03E-4D9CB3735480}.Release|Mixed Platforms.ActiveCfg = Release|Any CPU
		{0DB02C1A-CD42-445E-A03E-4D9CB3735480}.Release|Mixed Platforms.Build.0 = Release|Any CPU
		{0DB02C1A-CD42-445E-A03E-4D9CB3735480}.Release|x86.ActiveCfg = Release|Any CPU
		{C3A2E831-0A38-44A4-8BEF-1A53735BC9D2}.Debug|Any CPU.ActiveCfg = Debug|x86
		{C3A2E831-0A38-44A4-8BEF-1A53735BC9D2}.Debug|Mixed Platforms.ActiveCfg = Debug|x86
		{C3A2E831-0A38-44A4-8BEF-1A53735BC9D2}.Debug|Mixed Platforms.Build.0 = Debug|x86
		{C3A2E831-0A38-44A4-8BEF-1A53735BC9D2}.Debug|x86.ActiveCfg = Debug|x86
		{C3A2E831-0A38-44A4-8BEF-1A53735BC9D2}.Debug|x86.Build.0 = Debug|x86
		{C3A2E831-0A38-44A4-8BEF-1A53735BC9D2}.Release|Any CPU.ActiveCfg = Release|x86
		{C3A2E831-0A38-44A4-8BEF-1A53735BC9D2}.Release|Mixed Platforms.ActiveCfg = Release|x86
		{C3A2E831-0A38-44A4-8BEF-1A53735BC9D2}.Release|Mixed Platforms.Build.0 = Release|x86
		{C3A2E831-0A38-44A4-8BEF-1A53735BC9D2}.Release|x86.ActiveCfg = Release|x86
		{C3A2E831-0A38-44A4-8BEF-1A53735BC9D2}.Release|x86.Build.0 = Release|x86
		{EC414F9A-58C0-43A1-9FF6-E29E7C34A576}.Debug|Any CPU.ActiveCfg = Debug|x86
		{EC414F9A-58C0-43A1-9FF6-E29E7C34A576}.Debug|Mixed Platforms.ActiveCfg = Debug|x86
		{EC414F9A-58C0-43A1-9FF6-E29E7C34A576}.Debug|Mixed Platforms.Build.0 = Debug|x86
		{EC414F9A-58C0-43A1-9FF6-E29E7C34A576}.Debug|x86.ActiveCfg = Debug|x86
		{EC414F9A-58C0-43A1-9FF6-E29E7C34A576}.Debug|x86.Build.0 = Debug|x86
		{EC414F9A-58C0-43A1-9FF6-E29E7C34A576}.Release|Any CPU.ActiveCfg = Release|x86
		{EC414F9A-58C0-43A1-9FF6-E29E7C34A576}.Release|Mixed Platforms.ActiveCfg = Release|x86
		{EC414F9A-58C0-43A1-9FF6-E29E7C34A576}.Release|Mixed Platforms.Build.0 = Release|x86
		{EC414F9A-58C0-43A1-9FF6-E29E7C34A576}.Release|x86.ActiveCfg = Release|x86
		{EC414F9A-58C0-43A1-9FF6-E29E7C34A576}.Release|x86.Build.0 = Release|x86
	EndGlobalSection
	GlobalSection(SolutionProperties) = preSolution
		HideSolutionNode = FALSE
	EndGlobalSection
EndGlobal
