
Microsoft Visual Studio Solution File, Format Version 12.00
# Visual Studio 2013
VisualStudioVersion = 12.0.31101.0
MinimumVisualStudioVersion = 10.0.40219.1
Project("{FAE04EC0-301F-11D3-BF4B-00C04F79EFBC}") = "AncientHorror", "AncientHorror\AncientHorror.csproj", "{990939D5-A4CC-43A4-91E0-E6789A1F4F9F}"
EndProject
Global
	GlobalSection(SolutionConfigurationPlatforms) = preSolution
		Debug|Any CPU = Debug|Any CPU
		Release|Any CPU = Release|Any CPU
	EndGlobalSection
	GlobalSection(ProjectConfigurationPlatforms) = postSolution
		{990939D5-A4CC-43A4-91E0-E6789A1F4F9F}.Debug|Any CPU.ActiveCfg = Debug|Any CPU
		{990939D5-A4CC-43A4-91E0-E6789A1F4F9F}.Debug|Any CPU.Build.0 = Debug|Any CPU
		{990939D5-A4CC-43A4-91E0-E6789A1F4F9F}.Release|Any CPU.ActiveCfg = Release|Any CPU
		{990939D5-A4CC-43A4-91E0-E6789A1F4F9F}.Release|Any CPU.Build.0 = Release|Any CPU
	EndGlobalSection
	GlobalSection(SolutionProperties) = preSolution
		HideSolutionNode = FALSE
	EndGlobalSection
EndGlobal
